{
  "object": {
    "pins": [
      {
        "package": "OpenAPIKit",
        "repositoryURL": "https://github.com/mattpolzin/OpenAPIKit",
        "state": {
          "branch": null,
          "revision": "c98ceb9884941d9fb5297cff826992a6c6b2a068",
          "version": "2.5.1"
        }
      },
      {
        "package": "swift-argument-parser",
        "repositoryURL": "https://github.com/apple/swift-argument-parser",
        "state": {
          "branch": null,
          "revision": "4ad606ba5d7673ea60679a61ff867cc1ff8c8e86",
          "version": "1.2.1"
        }
      },
      {
        "package": "swift-syntax",
        "repositoryURL": "https://github.com/apple/swift-syntax.git",
        "state": {
          "branch": null,
          "revision": "6ad4ea24b01559dde0773e3d091f1b9e36175036",
          "version": "509.0.2"
        }
      },
      {
        "package": "Yams",
        "repositoryURL": "https://github.com/jpsim/Yams.git",
        "state": {
          "branch": null,
          "revision": "4889c132978bc6ad3e80f680011ec3dd4fead90c",
          "version": "5.0.4"
        }
      }
    ]
  },
  "version": 1
}
